// !$*UTF8*$!
{
	archiveVersion = 1;
	classes = {
	};
	objectVersion = 56;
	objects = {

/* Begin PBXBuildFile section */
		8B4CDA09296F31EA000437FB /* Toolbar.swift in Sources */ = {isa = PBXBuildFile; fileRef = 8B4CDA08296F31EA000437FB /* Toolbar.swift */; };
		8B51E9652938EAF100D91E1E /* SettingsView.swift in Sources */ = {isa = PBXBuildFile; fileRef = 8B51E9642938EAF100D91E1E /* SettingsView.swift */; };
		8B51E96D294A23A000D91E1E /* Coin.swift in Sources */ = {isa = PBXBuildFile; fileRef = 8B51E96C294A23A000D91E1E /* Coin.swift */; };
		8B51E971294B6E8200D91E1E /* News.swift in Sources */ = {isa = PBXBuildFile; fileRef = 8B51E970294B6E8200D91E1E /* News.swift */; };
		8B9F273F29951DB500F55339 /* Double.swift in Sources */ = {isa = PBXBuildFile; fileRef = 8B9F273E29951DB500F55339 /* Double.swift */; };
		8B9F2745299A8D9500F55339 /* GraphView.swift in Sources */ = {isa = PBXBuildFile; fileRef = 8B9F2744299A8D9500F55339 /* GraphView.swift */; };
		8B9F2747299A8DB100F55339 /* GraphViewModel.swift in Sources */ = {isa = PBXBuildFile; fileRef = 8B9F2746299A8DB100F55339 /* GraphViewModel.swift */; };
		8B9F2749299A8E5500F55339 /* PriceInfo.swift in Sources */ = {isa = PBXBuildFile; fileRef = 8B9F2748299A8E5500F55339 /* PriceInfo.swift */; };
		8B9F274B299A8EDD00F55339 /* Array.swift in Sources */ = {isa = PBXBuildFile; fileRef = 8B9F274A299A8EDD00F55339 /* Array.swift */; };
		8B9F274E299A900400F55339 /* PriceInfiViewModel.swift in Sources */ = {isa = PBXBuildFile; fileRef = 8B9F274D299A900400F55339 /* PriceInfiViewModel.swift */; };
		8B9F2751299CFF7000F55339 /* MainCoordinator.swift in Sources */ = {isa = PBXBuildFile; fileRef = 8B9F2750299CFF7000F55339 /* MainCoordinator.swift */; };
		8B9F2754299D010100F55339 /* MainCoordinatorView.swift in Sources */ = {isa = PBXBuildFile; fileRef = 8B9F2753299D010100F55339 /* MainCoordinatorView.swift */; };
		8B9F2759299D053E00F55339 /* SwiftUINavigation in Frameworks */ = {isa = PBXBuildFile; productRef = 8B9F2758299D053E00F55339 /* SwiftUINavigation */; };
		8B9F275C299D3D5600F55339 /* SettingsCoordinator.swift in Sources */ = {isa = PBXBuildFile; fileRef = 8B9F275B299D3D5600F55339 /* SettingsCoordinator.swift */; };
		8B9F275E299D3D6800F55339 /* SettingsCoordinatorView.swift in Sources */ = {isa = PBXBuildFile; fileRef = 8B9F275D299D3D6800F55339 /* SettingsCoordinatorView.swift */; };
		8B9F2761299D4C3C00F55339 /* DetailCoordinator.swift in Sources */ = {isa = PBXBuildFile; fileRef = 8B9F2760299D4C3C00F55339 /* DetailCoordinator.swift */; };
		8B9F2763299D4C5000F55339 /* DetailCoordinatorView.swift in Sources */ = {isa = PBXBuildFile; fileRef = 8B9F2762299D4C5000F55339 /* DetailCoordinatorView.swift */; };
		8BF853DE297AC1550054D4DA /* DetailViewModel.swift in Sources */ = {isa = PBXBuildFile; fileRef = 8BF853DD297AC1550054D4DA /* DetailViewModel.swift */; };
		8BF853E0297AC16B0054D4DA /* DetailView.swift in Sources */ = {isa = PBXBuildFile; fileRef = 8BF853DF297AC16B0054D4DA /* DetailView.swift */; };
		8BF853E2297ECB330054D4DA /* SettingsViewModel.swift in Sources */ = {isa = PBXBuildFile; fileRef = 8BF853E1297ECB330054D4DA /* SettingsViewModel.swift */; };
		8BF853E5298057600054D4DA /* Localizable.strings in Resources */ = {isa = PBXBuildFile; fileRef = 8BF853E7298057600054D4DA /* Localizable.strings */; };
		8BF853E9298153370054D4DA /* String.swift in Sources */ = {isa = PBXBuildFile; fileRef = 8BF853E8298153370054D4DA /* String.swift */; };
		8BF853ED29816D500054D4DA /* Bundle.swift in Sources */ = {isa = PBXBuildFile; fileRef = 8BF853EC29816D500054D4DA /* Bundle.swift */; };
		8BFC245A2922A8E30070F4A0 /* CryptoApp.swift in Sources */ = {isa = PBXBuildFile; fileRef = 8BFC24592922A8E30070F4A0 /* CryptoApp.swift */; };
		8BFC245C2922A8E30070F4A0 /* IntroView.swift in Sources */ = {isa = PBXBuildFile; fileRef = 8BFC245B2922A8E30070F4A0 /* IntroView.swift */; };
		8BFC245E2922A8E50070F4A0 /* Assets.xcassets in Resources */ = {isa = PBXBuildFile; fileRef = 8BFC245D2922A8E50070F4A0 /* Assets.xcassets */; };
		8BFC24612922A8E50070F4A0 /* Preview Assets.xcassets in Resources */ = {isa = PBXBuildFile; fileRef = 8BFC24602922A8E50070F4A0 /* Preview Assets.xcassets */; };
		8BFC246B2922A8E60070F4A0 /* CryptoTests.swift in Sources */ = {isa = PBXBuildFile; fileRef = 8BFC246A2922A8E60070F4A0 /* CryptoTests.swift */; };
		8BFC24752922A8E60070F4A0 /* CryptoUITests.swift in Sources */ = {isa = PBXBuildFile; fileRef = 8BFC24742922A8E60070F4A0 /* CryptoUITests.swift */; };
		8BFC24772922A8E60070F4A0 /* CryptoUITestsLaunchTests.swift in Sources */ = {isa = PBXBuildFile; fileRef = 8BFC24762922A8E60070F4A0 /* CryptoUITestsLaunchTests.swift */; };
		8BFC248C2922B3A10070F4A0 /* IntroViewModel.swift in Sources */ = {isa = PBXBuildFile; fileRef = 8BFC248B2922B3A10070F4A0 /* IntroViewModel.swift */; };
		8BFC248E2922B5460070F4A0 /* Images.swift in Sources */ = {isa = PBXBuildFile; fileRef = 8BFC248D2922B5460070F4A0 /* Images.swift */; };
		8BFC24C62922CA620070F4A0 /* Colors.swift in Sources */ = {isa = PBXBuildFile; fileRef = 8BFC24C52922CA620070F4A0 /* Colors.swift */; };
		8BFC24CD292654D60070F4A0 /* MainView.swift in Sources */ = {isa = PBXBuildFile; fileRef = 8BFC24CC292654D60070F4A0 /* MainView.swift */; };
		8BFC24CF292654E70070F4A0 /* MainViewModel.swift in Sources */ = {isa = PBXBuildFile; fileRef = 8BFC24CE292654E70070F4A0 /* MainViewModel.swift */; };
/* End PBXBuildFile section */

/* Begin PBXContainerItemProxy section */
		8BFC24672922A8E60070F4A0 /* PBXContainerItemProxy */ = {
			isa = PBXContainerItemProxy;
			containerPortal = 8BFC244E2922A8E30070F4A0 /* Project object */;
			proxyType = 1;
			remoteGlobalIDString = 8BFC24552922A8E30070F4A0;
			remoteInfo = Crypto;
		};
		8BFC24712922A8E60070F4A0 /* PBXContainerItemProxy */ = {
			isa = PBXContainerItemProxy;
			containerPortal = 8BFC244E2922A8E30070F4A0 /* Project object */;
			proxyType = 1;
			remoteGlobalIDString = 8BFC24552922A8E30070F4A0;
			remoteInfo = Crypto;
		};
/* End PBXContainerItemProxy section */

/* Begin PBXFileReference section */
		8B4CDA08296F31EA000437FB /* Toolbar.swift */ = {isa = PBXFileReference; lastKnownFileType = sourcecode.swift; path = Toolbar.swift; sourceTree = "<group>"; };
		8B51E9642938EAF100D91E1E /* SettingsView.swift */ = {isa = PBXFileReference; lastKnownFileType = sourcecode.swift; path = SettingsView.swift; sourceTree = "<group>"; };
		8B51E96C294A23A000D91E1E /* Coin.swift */ = {isa = PBXFileReference; lastKnownFileType = sourcecode.swift; path = Coin.swift; sourceTree = "<group>"; };
		8B51E970294B6E8200D91E1E /* News.swift */ = {isa = PBXFileReference; lastKnownFileType = sourcecode.swift; path = News.swift; sourceTree = "<group>"; };
		8B9F273E29951DB500F55339 /* Double.swift */ = {isa = PBXFileReference; lastKnownFileType = sourcecode.swift; path = Double.swift; sourceTree = "<group>"; };
		8B9F2744299A8D9500F55339 /* GraphView.swift */ = {isa = PBXFileReference; lastKnownFileType = sourcecode.swift; path = GraphView.swift; sourceTree = "<group>"; };
		8B9F2746299A8DB100F55339 /* GraphViewModel.swift */ = {isa = PBXFileReference; lastKnownFileType = sourcecode.swift; path = GraphViewModel.swift; sourceTree = "<group>"; };
		8B9F2748299A8E5500F55339 /* PriceInfo.swift */ = {isa = PBXFileReference; lastKnownFileType = sourcecode.swift; path = PriceInfo.swift; sourceTree = "<group>"; };
		8B9F274A299A8EDD00F55339 /* Array.swift */ = {isa = PBXFileReference; lastKnownFileType = sourcecode.swift; path = Array.swift; sourceTree = "<group>"; };
		8B9F274D299A900400F55339 /* PriceInfiViewModel.swift */ = {isa = PBXFileReference; lastKnownFileType = sourcecode.swift; path = PriceInfiViewModel.swift; sourceTree = "<group>"; };
		8B9F2750299CFF7000F55339 /* MainCoordinator.swift */ = {isa = PBXFileReference; lastKnownFileType = sourcecode.swift; path = MainCoordinator.swift; sourceTree = "<group>"; };
		8B9F2753299D010100F55339 /* MainCoordinatorView.swift */ = {isa = PBXFileReference; lastKnownFileType = sourcecode.swift; path = MainCoordinatorView.swift; sourceTree = "<group>"; };
		8B9F2757299D04FF00F55339 /* Info.plist */ = {isa = PBXFileReference; lastKnownFileType = text.plist; path = Info.plist; sourceTree = "<group>"; };
		8B9F275B299D3D5600F55339 /* SettingsCoordinator.swift */ = {isa = PBXFileReference; lastKnownFileType = sourcecode.swift; path = SettingsCoordinator.swift; sourceTree = "<group>"; };
		8B9F275D299D3D6800F55339 /* SettingsCoordinatorView.swift */ = {isa = PBXFileReference; lastKnownFileType = sourcecode.swift; path = SettingsCoordinatorView.swift; sourceTree = "<group>"; };
		8B9F2760299D4C3C00F55339 /* DetailCoordinator.swift */ = {isa = PBXFileReference; lastKnownFileType = sourcecode.swift; path = DetailCoordinator.swift; sourceTree = "<group>"; };
		8B9F2762299D4C5000F55339 /* DetailCoordinatorView.swift */ = {isa = PBXFileReference; lastKnownFileType = sourcecode.swift; path = DetailCoordinatorView.swift; sourceTree = "<group>"; };
		8BF853DD297AC1550054D4DA /* DetailViewModel.swift */ = {isa = PBXFileReference; lastKnownFileType = sourcecode.swift; path = DetailViewModel.swift; sourceTree = "<group>"; };
		8BF853DF297AC16B0054D4DA /* DetailView.swift */ = {isa = PBXFileReference; lastKnownFileType = sourcecode.swift; path = DetailView.swift; sourceTree = "<group>"; };
		8BF853E1297ECB330054D4DA /* SettingsViewModel.swift */ = {isa = PBXFileReference; lastKnownFileType = sourcecode.swift; path = SettingsViewModel.swift; sourceTree = "<group>"; };
		8BF853E6298057600054D4DA /* en */ = {isa = PBXFileReference; lastKnownFileType = text.plist.strings; name = en; path = en.lproj/Localizable.strings; sourceTree = "<group>"; };
		8BF853E8298153370054D4DA /* String.swift */ = {isa = PBXFileReference; lastKnownFileType = sourcecode.swift; path = String.swift; sourceTree = "<group>"; };
		8BF853EC29816D500054D4DA /* Bundle.swift */ = {isa = PBXFileReference; lastKnownFileType = sourcecode.swift; path = Bundle.swift; sourceTree = "<group>"; };
		8BFC24562922A8E30070F4A0 /* Crypto.app */ = {isa = PBXFileReference; explicitFileType = wrapper.application; includeInIndex = 0; path = Crypto.app; sourceTree = BUILT_PRODUCTS_DIR; };
		8BFC24592922A8E30070F4A0 /* CryptoApp.swift */ = {isa = PBXFileReference; lastKnownFileType = sourcecode.swift; path = CryptoApp.swift; sourceTree = "<group>"; };
		8BFC245B2922A8E30070F4A0 /* IntroView.swift */ = {isa = PBXFileReference; lastKnownFileType = sourcecode.swift; path = IntroView.swift; sourceTree = "<group>"; };
		8BFC245D2922A8E50070F4A0 /* Assets.xcassets */ = {isa = PBXFileReference; lastKnownFileType = folder.assetcatalog; path = Assets.xcassets; sourceTree = "<group>"; };
		8BFC24602922A8E50070F4A0 /* Preview Assets.xcassets */ = {isa = PBXFileReference; lastKnownFileType = folder.assetcatalog; path = "Preview Assets.xcassets"; sourceTree = "<group>"; };
		8BFC24662922A8E60070F4A0 /* CryptoTests.xctest */ = {isa = PBXFileReference; explicitFileType = wrapper.cfbundle; includeInIndex = 0; path = CryptoTests.xctest; sourceTree = BUILT_PRODUCTS_DIR; };
		8BFC246A2922A8E60070F4A0 /* CryptoTests.swift */ = {isa = PBXFileReference; lastKnownFileType = sourcecode.swift; path = CryptoTests.swift; sourceTree = "<group>"; };
		8BFC24702922A8E60070F4A0 /* CryptoUITests.xctest */ = {isa = PBXFileReference; explicitFileType = wrapper.cfbundle; includeInIndex = 0; path = CryptoUITests.xctest; sourceTree = BUILT_PRODUCTS_DIR; };
		8BFC24742922A8E60070F4A0 /* CryptoUITests.swift */ = {isa = PBXFileReference; lastKnownFileType = sourcecode.swift; path = CryptoUITests.swift; sourceTree = "<group>"; };
		8BFC24762922A8E60070F4A0 /* CryptoUITestsLaunchTests.swift */ = {isa = PBXFileReference; lastKnownFileType = sourcecode.swift; path = CryptoUITestsLaunchTests.swift; sourceTree = "<group>"; };
		8BFC248B2922B3A10070F4A0 /* IntroViewModel.swift */ = {isa = PBXFileReference; lastKnownFileType = sourcecode.swift; path = IntroViewModel.swift; sourceTree = "<group>"; };
		8BFC248D2922B5460070F4A0 /* Images.swift */ = {isa = PBXFileReference; lastKnownFileType = sourcecode.swift; path = Images.swift; sourceTree = "<group>"; };
		8BFC24C52922CA620070F4A0 /* Colors.swift */ = {isa = PBXFileReference; lastKnownFileType = sourcecode.swift; path = Colors.swift; sourceTree = "<group>"; };
		8BFC24CC292654D60070F4A0 /* MainView.swift */ = {isa = PBXFileReference; lastKnownFileType = sourcecode.swift; path = MainView.swift; sourceTree = "<group>"; };
		8BFC24CE292654E70070F4A0 /* MainViewModel.swift */ = {isa = PBXFileReference; lastKnownFileType = sourcecode.swift; path = MainViewModel.swift; sourceTree = "<group>"; };
/* End PBXFileReference section */

/* Begin PBXFrameworksBuildPhase section */
		8BFC24532922A8E30070F4A0 /* Frameworks */ = {
			isa = PBXFrameworksBuildPhase;
			buildActionMask = 2147483647;
			files = (
				8B9F2759299D053E00F55339 /* SwiftUINavigation in Frameworks */,
			);
			runOnlyForDeploymentPostprocessing = 0;
		};
		8BFC24632922A8E60070F4A0 /* Frameworks */ = {
			isa = PBXFrameworksBuildPhase;
			buildActionMask = 2147483647;
			files = (
			);
			runOnlyForDeploymentPostprocessing = 0;
		};
		8BFC246D2922A8E60070F4A0 /* Frameworks */ = {
			isa = PBXFrameworksBuildPhase;
			buildActionMask = 2147483647;
			files = (
			);
			runOnlyForDeploymentPostprocessing = 0;
		};
/* End PBXFrameworksBuildPhase section */

/* Begin PBXGroup section */
		8B51E9662938EB0200D91E1E /* MainScreen */ = {
			isa = PBXGroup;
			children = (
				8BFC24CE292654E70070F4A0 /* MainViewModel.swift */,
				8BFC24CC292654D60070F4A0 /* MainView.swift */,
			);
			path = MainScreen;
			sourceTree = "<group>";
		};
		8B51E9672938EB0E00D91E1E /* SettingsScreen */ = {
			isa = PBXGroup;
			children = (
				8B51E9642938EAF100D91E1E /* SettingsView.swift */,
				8BF853E1297ECB330054D4DA /* SettingsViewModel.swift */,
			);
			path = SettingsScreen;
			sourceTree = "<group>";
		};
		8B51E96B294A233D00D91E1E /* Models */ = {
			isa = PBXGroup;
			children = (
				8B51E96C294A23A000D91E1E /* Coin.swift */,
				8B51E970294B6E8200D91E1E /* News.swift */,
				8B9F2748299A8E5500F55339 /* PriceInfo.swift */,
			);
			path = Models;
			sourceTree = "<group>";
		};
		8B9F2743299A8D6A00F55339 /* GraphScreen */ = {
			isa = PBXGroup;
			children = (
				8B9F2744299A8D9500F55339 /* GraphView.swift */,
				8B9F2746299A8DB100F55339 /* GraphViewModel.swift */,
				8B9F274D299A900400F55339 /* PriceInfiViewModel.swift */,
			);
			path = GraphScreen;
			sourceTree = "<group>";
		};
		8B9F274F299CFF4100F55339 /* Coordinator */ = {
			isa = PBXGroup;
			children = (
				8B9F275F299D4C2300F55339 /* DetailCoordinator */,
				8B9F275A299D3D3A00F55339 /* SettingsCoordinator */,
				8B9F2752299D00AE00F55339 /* MainCoordinator */,
			);
			path = Coordinator;
			sourceTree = "<group>";
		};
		8B9F2752299D00AE00F55339 /* MainCoordinator */ = {
			isa = PBXGroup;
			children = (
				8B9F2750299CFF7000F55339 /* MainCoordinator.swift */,
				8B9F2753299D010100F55339 /* MainCoordinatorView.swift */,
			);
			path = MainCoordinator;
			sourceTree = "<group>";
		};
		8B9F2755299D036000F55339 /* Frameworks */ = {
			isa = PBXGroup;
			children = (
			);
			name = Frameworks;
			sourceTree = "<group>";
		};
		8B9F275A299D3D3A00F55339 /* SettingsCoordinator */ = {
			isa = PBXGroup;
			children = (
				8B9F275B299D3D5600F55339 /* SettingsCoordinator.swift */,
				8B9F275D299D3D6800F55339 /* SettingsCoordinatorView.swift */,
			);
			path = SettingsCoordinator;
			sourceTree = "<group>";
		};
		8B9F275F299D4C2300F55339 /* DetailCoordinator */ = {
			isa = PBXGroup;
			children = (
				8B9F2760299D4C3C00F55339 /* DetailCoordinator.swift */,
				8B9F2762299D4C5000F55339 /* DetailCoordinatorView.swift */,
			);
			path = DetailCoordinator;
			sourceTree = "<group>";
		};
		8BF853DA297AC07B0054D4DA /* DetailScreen */ = {
			isa = PBXGroup;
			children = (
				8BF853DD297AC1550054D4DA /* DetailViewModel.swift */,
				8BF853DF297AC16B0054D4DA /* DetailView.swift */,
			);
			path = DetailScreen;
			sourceTree = "<group>";
		};
		8BFC244D2922A8E30070F4A0 = {
			isa = PBXGroup;
			children = (
				8BFC24582922A8E30070F4A0 /* Crypto */,
				8BFC24692922A8E60070F4A0 /* CryptoTests */,
				8BFC24732922A8E60070F4A0 /* CryptoUITests */,
				8BFC24572922A8E30070F4A0 /* Products */,
				8B9F2755299D036000F55339 /* Frameworks */,
			);
			sourceTree = "<group>";
		};
		8BFC24572922A8E30070F4A0 /* Products */ = {
			isa = PBXGroup;
			children = (
				8BFC24562922A8E30070F4A0 /* Crypto.app */,
				8BFC24662922A8E60070F4A0 /* CryptoTests.xctest */,
				8BFC24702922A8E60070F4A0 /* CryptoUITests.xctest */,
			);
			name = Products;
			sourceTree = "<group>";
		};
		8BFC24582922A8E30070F4A0 /* Crypto */ = {
			isa = PBXGroup;
			children = (
				8B9F2757299D04FF00F55339 /* Info.plist */,
				8BFC245F2922A8E50070F4A0 /* Preview Content */,
				8BFC24892922B1ED0070F4A0 /* Resources */,
				8BFC24882922B1CF0070F4A0 /* Extentions */,
				8BFC24872922B18F0070F4A0 /* Utilities */,
				8BFC24832922B1430070F4A0 /* App */,
				8BFC24842922B1580070F4A0 /* Flows */,
			);
			path = Crypto;
			sourceTree = "<group>";
		};
		8BFC245F2922A8E50070F4A0 /* Preview Content */ = {
			isa = PBXGroup;
			children = (
				8BFC24602922A8E50070F4A0 /* Preview Assets.xcassets */,
			);
			path = "Preview Content";
			sourceTree = "<group>";
		};
		8BFC24692922A8E60070F4A0 /* CryptoTests */ = {
			isa = PBXGroup;
			children = (
				8BFC246A2922A8E60070F4A0 /* CryptoTests.swift */,
			);
			path = CryptoTests;
			sourceTree = "<group>";
		};
		8BFC24732922A8E60070F4A0 /* CryptoUITests */ = {
			isa = PBXGroup;
			children = (
				8BFC24742922A8E60070F4A0 /* CryptoUITests.swift */,
				8BFC24762922A8E60070F4A0 /* CryptoUITestsLaunchTests.swift */,
			);
			path = CryptoUITests;
			sourceTree = "<group>";
		};
		8BFC24832922B1430070F4A0 /* App */ = {
			isa = PBXGroup;
			children = (
				8BFC24592922A8E30070F4A0 /* CryptoApp.swift */,
			);
			path = App;
			sourceTree = "<group>";
		};
		8BFC24842922B1580070F4A0 /* Flows */ = {
			isa = PBXGroup;
			children = (
				8B9F274F299CFF4100F55339 /* Coordinator */,
				8BFC24852922B1670070F4A0 /* Screens */,
			);
			path = Flows;
			sourceTree = "<group>";
		};
		8BFC24852922B1670070F4A0 /* Screens */ = {
			isa = PBXGroup;
			children = (
				8B9F2743299A8D6A00F55339 /* GraphScreen */,
				8BF853DA297AC07B0054D4DA /* DetailScreen */,
				8B51E9672938EB0E00D91E1E /* SettingsScreen */,
				8B51E9662938EB0200D91E1E /* MainScreen */,
				8BFC248A2922B3710070F4A0 /* IntroScreen */,
			);
			path = Screens;
			sourceTree = "<group>";
		};
		8BFC24872922B18F0070F4A0 /* Utilities */ = {
			isa = PBXGroup;
			children = (
				8B51E96B294A233D00D91E1E /* Models */,
			);
			path = Utilities;
			sourceTree = "<group>";
		};
		8BFC24882922B1CF0070F4A0 /* Extentions */ = {
			isa = PBXGroup;
			children = (
				8BFC248D2922B5460070F4A0 /* Images.swift */,
				8BFC24C52922CA620070F4A0 /* Colors.swift */,
				8B4CDA08296F31EA000437FB /* Toolbar.swift */,
				8BF853E8298153370054D4DA /* String.swift */,
				8BF853EC29816D500054D4DA /* Bundle.swift */,
				8B9F273E29951DB500F55339 /* Double.swift */,
				8B9F274A299A8EDD00F55339 /* Array.swift */,
			);
			path = Extentions;
			sourceTree = "<group>";
		};
		8BFC24892922B1ED0070F4A0 /* Resources */ = {
			isa = PBXGroup;
			children = (
				8BF853E7298057600054D4DA /* Localizable.strings */,
				8BFC245D2922A8E50070F4A0 /* Assets.xcassets */,
			);
			path = Resources;
			sourceTree = "<group>";
		};
		8BFC248A2922B3710070F4A0 /* IntroScreen */ = {
			isa = PBXGroup;
			children = (
				8BFC245B2922A8E30070F4A0 /* IntroView.swift */,
				8BFC248B2922B3A10070F4A0 /* IntroViewModel.swift */,
			);
			path = IntroScreen;
			sourceTree = "<group>";
		};
/* End PBXGroup section */

/* Begin PBXNativeTarget section */
		8BFC24552922A8E30070F4A0 /* Crypto */ = {
			isa = PBXNativeTarget;
			buildConfigurationList = 8BFC247A2922A8E60070F4A0 /* Build configuration list for PBXNativeTarget "Crypto" */;
			buildPhases = (
				8BFC24522922A8E30070F4A0 /* Sources */,
				8BFC24532922A8E30070F4A0 /* Frameworks */,
				8BFC24542922A8E30070F4A0 /* Resources */,
			);
			buildRules = (
			);
			dependencies = (
			);
			name = Crypto;
			packageProductDependencies = (
				8B9F2758299D053E00F55339 /* SwiftUINavigation */,
			);
			productName = Crypto;
			productReference = 8BFC24562922A8E30070F4A0 /* Crypto.app */;
			productType = "com.apple.product-type.application";
		};
		8BFC24652922A8E60070F4A0 /* CryptoTests */ = {
			isa = PBXNativeTarget;
			buildConfigurationList = 8BFC247D2922A8E60070F4A0 /* Build configuration list for PBXNativeTarget "CryptoTests" */;
			buildPhases = (
				8BFC24622922A8E60070F4A0 /* Sources */,
				8BFC24632922A8E60070F4A0 /* Frameworks */,
				8BFC24642922A8E60070F4A0 /* Resources */,
			);
			buildRules = (
			);
			dependencies = (
				8BFC24682922A8E60070F4A0 /* PBXTargetDependency */,
			);
			name = CryptoTests;
			productName = CryptoTests;
			productReference = 8BFC24662922A8E60070F4A0 /* CryptoTests.xctest */;
			productType = "com.apple.product-type.bundle.unit-test";
		};
		8BFC246F2922A8E60070F4A0 /* CryptoUITests */ = {
			isa = PBXNativeTarget;
			buildConfigurationList = 8BFC24802922A8E60070F4A0 /* Build configuration list for PBXNativeTarget "CryptoUITests" */;
			buildPhases = (
				8BFC246C2922A8E60070F4A0 /* Sources */,
				8BFC246D2922A8E60070F4A0 /* Frameworks */,
				8BFC246E2922A8E60070F4A0 /* Resources */,
			);
			buildRules = (
			);
			dependencies = (
				8BFC24722922A8E60070F4A0 /* PBXTargetDependency */,
			);
			name = CryptoUITests;
			productName = CryptoUITests;
			productReference = 8BFC24702922A8E60070F4A0 /* CryptoUITests.xctest */;
			productType = "com.apple.product-type.bundle.ui-testing";
		};
/* End PBXNativeTarget section */

/* Begin PBXProject section */
		8BFC244E2922A8E30070F4A0 /* Project object */ = {
			isa = PBXProject;
			attributes = {
				BuildIndependentTargetsInParallel = 1;
				LastSwiftUpdateCheck = 1410;
				LastUpgradeCheck = 1410;
				TargetAttributes = {
					8BFC24552922A8E30070F4A0 = {
						CreatedOnToolsVersion = 14.1;
					};
					8BFC24652922A8E60070F4A0 = {
						CreatedOnToolsVersion = 14.1;
						TestTargetID = 8BFC24552922A8E30070F4A0;
					};
					8BFC246F2922A8E60070F4A0 = {
						CreatedOnToolsVersion = 14.1;
						TestTargetID = 8BFC24552922A8E30070F4A0;
					};
				};
			};
			buildConfigurationList = 8BFC24512922A8E30070F4A0 /* Build configuration list for PBXProject "Crypto" */;
			compatibilityVersion = "Xcode 14.0";
			developmentRegion = en;
			hasScannedForEncodings = 0;
			knownRegions = (
				en,
				Base,
			);
			mainGroup = 8BFC244D2922A8E30070F4A0;
			packageReferences = (
				8B9F2756299D03DF00F55339 /* XCRemoteSwiftPackageReference "swiftui-navigation" */,
			);
			productRefGroup = 8BFC24572922A8E30070F4A0 /* Products */;
			projectDirPath = "";
			projectRoot = "";
			targets = (
				8BFC24552922A8E30070F4A0 /* Crypto */,
				8BFC24652922A8E60070F4A0 /* CryptoTests */,
				8BFC246F2922A8E60070F4A0 /* CryptoUITests */,
			);
		};
/* End PBXProject section */

/* Begin PBXResourcesBuildPhase section */
		8BFC24542922A8E30070F4A0 /* Resources */ = {
			isa = PBXResourcesBuildPhase;
			buildActionMask = 2147483647;
			files = (
				8BFC24612922A8E50070F4A0 /* Preview Assets.xcassets in Resources */,
				8BF853E5298057600054D4DA /* Localizable.strings in Resources */,
				8BFC245E2922A8E50070F4A0 /* Assets.xcassets in Resources */,
			);
			runOnlyForDeploymentPostprocessing = 0;
		};
		8BFC24642922A8E60070F4A0 /* Resources */ = {
			isa = PBXResourcesBuildPhase;
			buildActionMask = 2147483647;
			files = (
			);
			runOnlyForDeploymentPostprocessing = 0;
		};
		8BFC246E2922A8E60070F4A0 /* Resources */ = {
			isa = PBXResourcesBuildPhase;
			buildActionMask = 2147483647;
			files = (
			);
			runOnlyForDeploymentPostprocessing = 0;
		};
/* End PBXResourcesBuildPhase section */

/* Begin PBXSourcesBuildPhase section */
		8BFC24522922A8E30070F4A0 /* Sources */ = {
			isa = PBXSourcesBuildPhase;
			buildActionMask = 2147483647;
			files = (
				8B9F275C299D3D5600F55339 /* SettingsCoordinator.swift in Sources */,
				8B9F273F29951DB500F55339 /* Double.swift in Sources */,
				8BFC24CF292654E70070F4A0 /* MainViewModel.swift in Sources */,
				8B9F2761299D4C3C00F55339 /* DetailCoordinator.swift in Sources */,
				8B9F2749299A8E5500F55339 /* PriceInfo.swift in Sources */,
				8BF853ED29816D500054D4DA /* Bundle.swift in Sources */,
				8B9F2747299A8DB100F55339 /* GraphViewModel.swift in Sources */,
				8BF853E9298153370054D4DA /* String.swift in Sources */,
				8B51E9652938EAF100D91E1E /* SettingsView.swift in Sources */,
				8BFC245C2922A8E30070F4A0 /* IntroView.swift in Sources */,
				8B9F2754299D010100F55339 /* MainCoordinatorView.swift in Sources */,
				8B9F2751299CFF7000F55339 /* MainCoordinator.swift in Sources */,
				8BFC24CD292654D60070F4A0 /* MainView.swift in Sources */,
				8B9F274B299A8EDD00F55339 /* Array.swift in Sources */,
				8B51E971294B6E8200D91E1E /* News.swift in Sources */,
				8BFC24C62922CA620070F4A0 /* Colors.swift in Sources */,
				8B9F2763299D4C5000F55339 /* DetailCoordinatorView.swift in Sources */,
				8BFC248E2922B5460070F4A0 /* Images.swift in Sources */,
				8BF853DE297AC1550054D4DA /* DetailViewModel.swift in Sources */,
				8B9F2745299A8D9500F55339 /* GraphView.swift in Sources */,
				8BFC248C2922B3A10070F4A0 /* IntroViewModel.swift in Sources */,
				8B4CDA09296F31EA000437FB /* Toolbar.swift in Sources */,
				8B9F275E299D3D6800F55339 /* SettingsCoordinatorView.swift in Sources */,
				8B51E96D294A23A000D91E1E /* Coin.swift in Sources */,
				8BFC245A2922A8E30070F4A0 /* CryptoApp.swift in Sources */,
				8BF853E2297ECB330054D4DA /* SettingsViewModel.swift in Sources */,
				8B9F274E299A900400F55339 /* PriceInfiViewModel.swift in Sources */,
				8BF853E0297AC16B0054D4DA /* DetailView.swift in Sources */,
			);
			runOnlyForDeploymentPostprocessing = 0;
		};
		8BFC24622922A8E60070F4A0 /* Sources */ = {
			isa = PBXSourcesBuildPhase;
			buildActionMask = 2147483647;
			files = (
				8BFC246B2922A8E60070F4A0 /* CryptoTests.swift in Sources */,
			);
			runOnlyForDeploymentPostprocessing = 0;
		};
		8BFC246C2922A8E60070F4A0 /* Sources */ = {
			isa = PBXSourcesBuildPhase;
			buildActionMask = 2147483647;
			files = (
				8BFC24752922A8E60070F4A0 /* CryptoUITests.swift in Sources */,
				8BFC24772922A8E60070F4A0 /* CryptoUITestsLaunchTests.swift in Sources */,
			);
			runOnlyForDeploymentPostprocessing = 0;
		};
/* End PBXSourcesBuildPhase section */

/* Begin PBXTargetDependency section */
		8BFC24682922A8E60070F4A0 /* PBXTargetDependency */ = {
			isa = PBXTargetDependency;
			target = 8BFC24552922A8E30070F4A0 /* Crypto */;
			targetProxy = 8BFC24672922A8E60070F4A0 /* PBXContainerItemProxy */;
		};
		8BFC24722922A8E60070F4A0 /* PBXTargetDependency */ = {
			isa = PBXTargetDependency;
			target = 8BFC24552922A8E30070F4A0 /* Crypto */;
			targetProxy = 8BFC24712922A8E60070F4A0 /* PBXContainerItemProxy */;
		};
/* End PBXTargetDependency section */

/* Begin PBXVariantGroup section */
		8BF853E7298057600054D4DA /* Localizable.strings */ = {
			isa = PBXVariantGroup;
			children = (
				8BF853E6298057600054D4DA /* en */,
			);
			name = Localizable.strings;
			sourceTree = "<group>";
		};
/* End PBXVariantGroup section */

/* Begin XCBuildConfiguration section */
		8BFC24782922A8E60070F4A0 /* Debug */ = {
			isa = XCBuildConfiguration;
			buildSettings = {
				ALWAYS_SEARCH_USER_PATHS = NO;
				CLANG_ANALYZER_NONNULL = YES;
				CLANG_ANALYZER_NUMBER_OBJECT_CONVERSION = YES_AGGRESSIVE;
				CLANG_CXX_LANGUAGE_STANDARD = "gnu++20";
				CLANG_ENABLE_MODULES = YES;
				CLANG_ENABLE_OBJC_ARC = YES;
				CLANG_ENABLE_OBJC_WEAK = YES;
				CLANG_WARN_BLOCK_CAPTURE_AUTORELEASING = YES;
				CLANG_WARN_BOOL_CONVERSION = YES;
				CLANG_WARN_COMMA = YES;
				CLANG_WARN_CONSTANT_CONVERSION = YES;
				CLANG_WARN_DEPRECATED_OBJC_IMPLEMENTATIONS = YES;
				CLANG_WARN_DIRECT_OBJC_ISA_USAGE = YES_ERROR;
				CLANG_WARN_DOCUMENTATION_COMMENTS = YES;
				CLANG_WARN_EMPTY_BODY = YES;
				CLANG_WARN_ENUM_CONVERSION = YES;
				CLANG_WARN_INFINITE_RECURSION = YES;
				CLANG_WARN_INT_CONVERSION = YES;
				CLANG_WARN_NON_LITERAL_NULL_CONVERSION = YES;
				CLANG_WARN_OBJC_IMPLICIT_RETAIN_SELF = YES;
				CLANG_WARN_OBJC_LITERAL_CONVERSION = YES;
				CLANG_WARN_OBJC_ROOT_CLASS = YES_ERROR;
				CLANG_WARN_QUOTED_INCLUDE_IN_FRAMEWORK_HEADER = YES;
				CLANG_WARN_RANGE_LOOP_ANALYSIS = YES;
				CLANG_WARN_STRICT_PROTOTYPES = YES;
				CLANG_WARN_SUSPICIOUS_MOVE = YES;
				CLANG_WARN_UNGUARDED_AVAILABILITY = YES_AGGRESSIVE;
				CLANG_WARN_UNREACHABLE_CODE = YES;
				CLANG_WARN__DUPLICATE_METHOD_MATCH = YES;
				COPY_PHASE_STRIP = NO;
				DEBUG_INFORMATION_FORMAT = dwarf;
				ENABLE_STRICT_OBJC_MSGSEND = YES;
				ENABLE_TESTABILITY = YES;
				GCC_C_LANGUAGE_STANDARD = gnu11;
				GCC_DYNAMIC_NO_PIC = NO;
				GCC_NO_COMMON_BLOCKS = YES;
				GCC_OPTIMIZATION_LEVEL = 0;
				GCC_PREPROCESSOR_DEFINITIONS = (
					"DEBUG=1",
					"$(inherited)",
				);
				GCC_WARN_64_TO_32_BIT_CONVERSION = YES;
				GCC_WARN_ABOUT_RETURN_TYPE = YES_ERROR;
				GCC_WARN_UNDECLARED_SELECTOR = YES;
				GCC_WARN_UNINITIALIZED_AUTOS = YES_AGGRESSIVE;
				GCC_WARN_UNUSED_FUNCTION = YES;
				GCC_WARN_UNUSED_VARIABLE = YES;
				IPHONEOS_DEPLOYMENT_TARGET = 16.1;
				MTL_ENABLE_DEBUG_INFO = INCLUDE_SOURCE;
				MTL_FAST_MATH = YES;
				ONLY_ACTIVE_ARCH = YES;
				SDKROOT = iphoneos;
				SWIFT_ACTIVE_COMPILATION_CONDITIONS = DEBUG;
				SWIFT_OPTIMIZATION_LEVEL = "-Onone";
			};
			name = Debug;
		};
		8BFC24792922A8E60070F4A0 /* Release */ = {
			isa = XCBuildConfiguration;
			buildSettings = {
				ALWAYS_SEARCH_USER_PATHS = NO;
				CLANG_ANALYZER_NONNULL = YES;
				CLANG_ANALYZER_NUMBER_OBJECT_CONVERSION = YES_AGGRESSIVE;
				CLANG_CXX_LANGUAGE_STANDARD = "gnu++20";
				CLANG_ENABLE_MODULES = YES;
				CLANG_ENABLE_OBJC_ARC = YES;
				CLANG_ENABLE_OBJC_WEAK = YES;
				CLANG_WARN_BLOCK_CAPTURE_AUTORELEASING = YES;
				CLANG_WARN_BOOL_CONVERSION = YES;
				CLANG_WARN_COMMA = YES;
				CLANG_WARN_CONSTANT_CONVERSION = YES;
				CLANG_WARN_DEPRECATED_OBJC_IMPLEMENTATIONS = YES;
				CLANG_WARN_DIRECT_OBJC_ISA_USAGE = YES_ERROR;
				CLANG_WARN_DOCUMENTATION_COMMENTS = YES;
				CLANG_WARN_EMPTY_BODY = YES;
				CLANG_WARN_ENUM_CONVERSION = YES;
				CLANG_WARN_INFINITE_RECURSION = YES;
				CLANG_WARN_INT_CONVERSION = YES;
				CLANG_WARN_NON_LITERAL_NULL_CONVERSION = YES;
				CLANG_WARN_OBJC_IMPLICIT_RETAIN_SELF = YES;
				CLANG_WARN_OBJC_LITERAL_CONVERSION = YES;
				CLANG_WARN_OBJC_ROOT_CLASS = YES_ERROR;
				CLANG_WARN_QUOTED_INCLUDE_IN_FRAMEWORK_HEADER = YES;
				CLANG_WARN_RANGE_LOOP_ANALYSIS = YES;
				CLANG_WARN_STRICT_PROTOTYPES = YES;
				CLANG_WARN_SUSPICIOUS_MOVE = YES;
				CLANG_WARN_UNGUARDED_AVAILABILITY = YES_AGGRESSIVE;
				CLANG_WARN_UNREACHABLE_CODE = YES;
				CLANG_WARN__DUPLICATE_METHOD_MATCH = YES;
				COPY_PHASE_STRIP = NO;
				DEBUG_INFORMATION_FORMAT = "dwarf-with-dsym";
				ENABLE_NS_ASSERTIONS = NO;
				ENABLE_STRICT_OBJC_MSGSEND = YES;
				GCC_C_LANGUAGE_STANDARD = gnu11;
				GCC_NO_COMMON_BLOCKS = YES;
				GCC_WARN_64_TO_32_BIT_CONVERSION = YES;
				GCC_WARN_ABOUT_RETURN_TYPE = YES_ERROR;
				GCC_WARN_UNDECLARED_SELECTOR = YES;
				GCC_WARN_UNINITIALIZED_AUTOS = YES_AGGRESSIVE;
				GCC_WARN_UNUSED_FUNCTION = YES;
				GCC_WARN_UNUSED_VARIABLE = YES;
				IPHONEOS_DEPLOYMENT_TARGET = 16.1;
				MTL_ENABLE_DEBUG_INFO = NO;
				MTL_FAST_MATH = YES;
				SDKROOT = iphoneos;
				SWIFT_COMPILATION_MODE = wholemodule;
				SWIFT_OPTIMIZATION_LEVEL = "-O";
				VALIDATE_PRODUCT = YES;
			};
			name = Release;
		};
		8BFC247B2922A8E60070F4A0 /* Debug */ = {
			isa = XCBuildConfiguration;
			buildSettings = {
				ASSETCATALOG_COMPILER_APPICON_NAME = AppIcon;
				ASSETCATALOG_COMPILER_GLOBAL_ACCENT_COLOR_NAME = AccentColor;
				CODE_SIGN_STYLE = Automatic;
				CURRENT_PROJECT_VERSION = 1;
				DEVELOPMENT_ASSET_PATHS = "\"Crypto/Preview Content\"";
				DEVELOPMENT_TEAM = Y3R7A5H37C;
				ENABLE_PREVIEWS = YES;
				GENERATE_INFOPLIST_FILE = YES;
				INFOPLIST_FILE = Crypto/Info.plist;
				INFOPLIST_KEY_UIApplicationSceneManifest_Generation = YES;
				INFOPLIST_KEY_UIApplicationSupportsIndirectInputEvents = YES;
				INFOPLIST_KEY_UILaunchScreen_Generation = YES;
				INFOPLIST_KEY_UISupportedInterfaceOrientations_iPad = "UIInterfaceOrientationPortrait UIInterfaceOrientationPortraitUpsideDown UIInterfaceOrientationLandscapeLeft UIInterfaceOrientationLandscapeRight";
				INFOPLIST_KEY_UISupportedInterfaceOrientations_iPhone = "UIInterfaceOrientationPortrait UIInterfaceOrientationLandscapeLeft UIInterfaceOrientationLandscapeRight";
				LD_RUNPATH_SEARCH_PATHS = (
					"$(inherited)",
					"@executable_path/Frameworks",
				);
				MARKETING_VERSION = 1.0;
				PRODUCT_BUNDLE_IDENTIFIER = Study.Crypto;
				PRODUCT_NAME = "$(TARGET_NAME)";
				SWIFT_EMIT_LOC_STRINGS = YES;
				SWIFT_VERSION = 5.0;
				TARGETED_DEVICE_FAMILY = "1,2";
			};
			name = Debug;
		};
		8BFC247C2922A8E60070F4A0 /* Release */ = {
			isa = XCBuildConfiguration;
			buildSettings = {
				ASSETCATALOG_COMPILER_APPICON_NAME = AppIcon;
				ASSETCATALOG_COMPILER_GLOBAL_ACCENT_COLOR_NAME = AccentColor;
				CODE_SIGN_STYLE = Automatic;
				CURRENT_PROJECT_VERSION = 1;
				DEVELOPMENT_ASSET_PATHS = "\"Crypto/Preview Content\"";
				DEVELOPMENT_TEAM = Y3R7A5H37C;
				ENABLE_PREVIEWS = YES;
				GENERATE_INFOPLIST_FILE = YES;
				INFOPLIST_FILE = Crypto/Info.plist;
				INFOPLIST_KEY_UIApplicationSceneManifest_Generation = YES;
				INFOPLIST_KEY_UIApplicationSupportsIndirectInputEvents = YES;
				INFOPLIST_KEY_UILaunchScreen_Generation = YES;
				INFOPLIST_KEY_UISupportedInterfaceOrientations_iPad = "UIInterfaceOrientationPortrait UIInterfaceOrientationPortraitUpsideDown UIInterfaceOrientationLandscapeLeft UIInterfaceOrientationLandscapeRight";
				INFOPLIST_KEY_UISupportedInterfaceOrientations_iPhone = "UIInterfaceOrientationPortrait UIInterfaceOrientationLandscapeLeft UIInterfaceOrientationLandscapeRight";
				LD_RUNPATH_SEARCH_PATHS = (
					"$(inherited)",
					"@executable_path/Frameworks",
				);
				MARKETING_VERSION = 1.0;
				PRODUCT_BUNDLE_IDENTIFIER = Study.Crypto;
				PRODUCT_NAME = "$(TARGET_NAME)";
				SWIFT_EMIT_LOC_STRINGS = YES;
				SWIFT_VERSION = 5.0;
				TARGETED_DEVICE_FAMILY = "1,2";
			};
			name = Release;
		};
		8BFC247E2922A8E60070F4A0 /* Debug */ = {
			isa = XCBuildConfiguration;
			buildSettings = {
				ALWAYS_EMBED_SWIFT_STANDARD_LIBRARIES = YES;
				BUNDLE_LOADER = "$(TEST_HOST)";
				CODE_SIGN_STYLE = Automatic;
				CURRENT_PROJECT_VERSION = 1;
				DEVELOPMENT_TEAM = Y3R7A5H37C;
				GENERATE_INFOPLIST_FILE = YES;
				IPHONEOS_DEPLOYMENT_TARGET = 16.1;
				MARKETING_VERSION = 1.0;
				PRODUCT_BUNDLE_IDENTIFIER = Study.CryptoTests;
				PRODUCT_NAME = "$(TARGET_NAME)";
				SWIFT_EMIT_LOC_STRINGS = NO;
				SWIFT_VERSION = 5.0;
				TARGETED_DEVICE_FAMILY = "1,2";
				TEST_HOST = "$(BUILT_PRODUCTS_DIR)/Crypto.app/$(BUNDLE_EXECUTABLE_FOLDER_PATH)/Crypto";
			};
			name = Debug;
		};
		8BFC247F2922A8E60070F4A0 /* Release */ = {
			isa = XCBuildConfiguration;
			buildSettings = {
				ALWAYS_EMBED_SWIFT_STANDARD_LIBRARIES = YES;
				BUNDLE_LOADER = "$(TEST_HOST)";
				CODE_SIGN_STYLE = Automatic;
				CURRENT_PROJECT_VERSION = 1;
				DEVELOPMENT_TEAM = Y3R7A5H37C;
				GENERATE_INFOPLIST_FILE = YES;
				IPHONEOS_DEPLOYMENT_TARGET = 16.1;
				MARKETING_VERSION = 1.0;
				PRODUCT_BUNDLE_IDENTIFIER = Study.CryptoTests;
				PRODUCT_NAME = "$(TARGET_NAME)";
				SWIFT_EMIT_LOC_STRINGS = NO;
				SWIFT_VERSION = 5.0;
				TARGETED_DEVICE_FAMILY = "1,2";
				TEST_HOST = "$(BUILT_PRODUCTS_DIR)/Crypto.app/$(BUNDLE_EXECUTABLE_FOLDER_PATH)/Crypto";
			};
			name = Release;
		};
		8BFC24812922A8E60070F4A0 /* Debug */ = {
			isa = XCBuildConfiguration;
			buildSettings = {
				ALWAYS_EMBED_SWIFT_STANDARD_LIBRARIES = YES;
				CODE_SIGN_STYLE = Automatic;
				CURRENT_PROJECT_VERSION = 1;
				DEVELOPMENT_TEAM = Y3R7A5H37C;
				GENERATE_INFOPLIST_FILE = YES;
				MARKETING_VERSION = 1.0;
				PRODUCT_BUNDLE_IDENTIFIER = Study.CryptoUITests;
				PRODUCT_NAME = "$(TARGET_NAME)";
				SWIFT_EMIT_LOC_STRINGS = NO;
				SWIFT_VERSION = 5.0;
				TARGETED_DEVICE_FAMILY = "1,2";
				TEST_TARGET_NAME = Crypto;
			};
			name = Debug;
		};
		8BFC24822922A8E60070F4A0 /* Release */ = {
			isa = XCBuildConfiguration;
			buildSettings = {
				ALWAYS_EMBED_SWIFT_STANDARD_LIBRARIES = YES;
				CODE_SIGN_STYLE = Automatic;
				CURRENT_PROJECT_VERSION = 1;
				DEVELOPMENT_TEAM = Y3R7A5H37C;
				GENERATE_INFOPLIST_FILE = YES;
				MARKETING_VERSION = 1.0;
				PRODUCT_BUNDLE_IDENTIFIER = Study.CryptoUITests;
				PRODUCT_NAME = "$(TARGET_NAME)";
				SWIFT_EMIT_LOC_STRINGS = NO;
				SWIFT_VERSION = 5.0;
				TARGETED_DEVICE_FAMILY = "1,2";
				TEST_TARGET_NAME = Crypto;
			};
			name = Release;
		};
/* End XCBuildConfiguration section */

/* Begin XCConfigurationList section */
		8BFC24512922A8E30070F4A0 /* Build configuration list for PBXProject "Crypto" */ = {
			isa = XCConfigurationList;
			buildConfigurations = (
				8BFC24782922A8E60070F4A0 /* Debug */,
				8BFC24792922A8E60070F4A0 /* Release */,
			);
			defaultConfigurationIsVisible = 0;
			defaultConfigurationName = Release;
		};
		8BFC247A2922A8E60070F4A0 /* Build configuration list for PBXNativeTarget "Crypto" */ = {
			isa = XCConfigurationList;
			buildConfigurations = (
				8BFC247B2922A8E60070F4A0 /* Debug */,
				8BFC247C2922A8E60070F4A0 /* Release */,
			);
			defaultConfigurationIsVisible = 0;
			defaultConfigurationName = Release;
		};
		8BFC247D2922A8E60070F4A0 /* Build configuration list for PBXNativeTarget "CryptoTests" */ = {
			isa = XCConfigurationList;
			buildConfigurations = (
				8BFC247E2922A8E60070F4A0 /* Debug */,
				8BFC247F2922A8E60070F4A0 /* Release */,
			);
			defaultConfigurationIsVisible = 0;
			defaultConfigurationName = Release;
		};
		8BFC24802922A8E60070F4A0 /* Build configuration list for PBXNativeTarget "CryptoUITests" */ = {
			isa = XCConfigurationList;
			buildConfigurations = (
				8BFC24812922A8E60070F4A0 /* Debug */,
				8BFC24822922A8E60070F4A0 /* Release */,
			);
			defaultConfigurationIsVisible = 0;
			defaultConfigurationName = Release;
		};
/* End XCConfigurationList section */

/* Begin XCRemoteSwiftPackageReference section */
		8B9F2756299D03DF00F55339 /* XCRemoteSwiftPackageReference "swiftui-navigation" */ = {
			isa = XCRemoteSwiftPackageReference;
			repositoryURL = "https://github.com/pointfreeco/swiftui-navigation";
			requirement = {
				branch = main;
				kind = branch;
			};
		};
/* End XCRemoteSwiftPackageReference section */

/* Begin XCSwiftPackageProductDependency section */
		8B9F2758299D053E00F55339 /* SwiftUINavigation */ = {
			isa = XCSwiftPackageProductDependency;
			package = 8B9F2756299D03DF00F55339 /* XCRemoteSwiftPackageReference "swiftui-navigation" */;
			productName = SwiftUINavigation;
		};
/* End XCSwiftPackageProductDependency section */
	};
	rootObject = 8BFC244E2922A8E30070F4A0 /* Project object */;
}
